# THIS IS AN AUTOGENERATED FILE. DO NOT EDIT THIS FILE DIRECTLY.
# yarn lockfile v1


"@dittolive/ditto@^1.0.17":
  version "1.0.17"
  resolved "https://registry.yarnpkg.com/@dittolive/ditto/-/ditto-1.0.17.tgz#6a58277c97f473e9eabff6d333a2467e63166470"
  integrity sha512-jnLtUkhlb5ZubWwfvijKZ+KgXHjbmZaTG6uVo7ZpqjxHs87I7kTvvI9NqHytkkwFukA2u6cAehu0xdub/XXFVg==
